
Microsoft Visual Studio Solution File, Format Version 12.00
# Visual Studio Version 17
VisualStudioVersion = 17.10.35004.147
MinimumVisualStudioVersion = 10.0.40219.1
Project("{FAE04EC0-301F-11D3-BF4B-00C04F79EFBC}") = "proyectico", "proyectico.csproj", "{8DFDE11C-FA68-400B-8AF2-87E0EBB8DB36}"
EndProject
Global
	GlobalSection(SolutionConfigurationPlatforms) = preSolution
		Debug|Any CPU = Debug|Any CPU
		Release|Any CPU = Release|Any CPU
	EndGlobalSection
	GlobalSection(ProjectConfigurationPlatforms) = postSolution
		{8DFDE11C-FA68-400B-8AF2-87E0EBB8DB36}.Debug|Any CPU.ActiveCfg = Debug|Any CPU
		{8DFDE11C-FA68-400B-8AF2-87E0EBB8DB36}.Debug|Any CPU.Build.0 = Debug|Any CPU
		{8DFDE11C-FA68-400B-8AF2-87E0EBB8DB36}.Release|Any CPU.ActiveCfg = Release|Any CPU
		{8DFDE11C-FA68-400B-8AF2-87E0EBB8DB36}.Release|Any CPU.Build.0 = Release|Any CPU
	EndGlobalSection
	GlobalSection(SolutionProperties) = preSolution
		HideSolutionNode = FALSE
	EndGlobalSection
	GlobalSection(ExtensibilityGlobals) = postSolution
		SolutionGuid = {6648B3FF-65F6-47EA-9BFE-82D79294F67A}
	EndGlobalSection
EndGlobal
